// !$*UTF8*$!
{
	archiveVersion = 1;
	classes = {
	};
	objectVersion = 56;
	objects = {

/* Begin PBXBuildFile section */
		A8012DDD2A52759E0012122F /* HexagonParameters.swift in Sources */ = {isa = PBXBuildFile; fileRef = A8012DDC2A52759E0012122F /* HexagonParameters.swift */; };
		A8012DDF2A52772C0012122F /* BadgeBackground.swift in Sources */ = {isa = PBXBuildFile; fileRef = A8012DDE2A52772C0012122F /* BadgeBackground.swift */; };
		A80371DB2A4ED45100E45FA8 /* LandmarksApp.swift in Sources */ = {isa = PBXBuildFile; fileRef = A80371DA2A4ED45100E45FA8 /* LandmarksApp.swift */; };
		A80371DD2A4ED45100E45FA8 /* ContentView.swift in Sources */ = {isa = PBXBuildFile; fileRef = A80371DC2A4ED45100E45FA8 /* ContentView.swift */; };
		A80371DF2A4ED45300E45FA8 /* Assets.xcassets in Resources */ = {isa = PBXBuildFile; fileRef = A80371DE2A4ED45300E45FA8 /* Assets.xcassets */; };
		A80371E22A4ED45300E45FA8 /* Preview Assets.xcassets in Resources */ = {isa = PBXBuildFile; fileRef = A80371E12A4ED45300E45FA8 /* Preview Assets.xcassets */; };
		A80371E92A4EDD1100E45FA8 /* CircleImage.swift in Sources */ = {isa = PBXBuildFile; fileRef = A80371E82A4EDD1100E45FA8 /* CircleImage.swift */; };
		A80371EB2A4EDEDB00E45FA8 /* MapView.swift in Sources */ = {isa = PBXBuildFile; fileRef = A80371EA2A4EDEDB00E45FA8 /* MapView.swift */; };
		A80371ED2A4F9B0000E45FA8 /* landmarkData.json in Resources */ = {isa = PBXBuildFile; fileRef = A80371EC2A4F9AFF00E45FA8 /* landmarkData.json */; };
		A80371EF2A4F9B2F00E45FA8 /* Landmark.swift in Sources */ = {isa = PBXBuildFile; fileRef = A80371EE2A4F9B2F00E45FA8 /* Landmark.swift */; };
		A80371F42A4F9DAE00E45FA8 /* ModelData.swift in Sources */ = {isa = PBXBuildFile; fileRef = A80371F32A4F9DAE00E45FA8 /* ModelData.swift */; };
		A80371F62A4FA2C200E45FA8 /* LandmarkRow.swift in Sources */ = {isa = PBXBuildFile; fileRef = A80371F52A4FA2C200E45FA8 /* LandmarkRow.swift */; };
		A80371F82A4FA57E00E45FA8 /* LandmarkList.swift in Sources */ = {isa = PBXBuildFile; fileRef = A80371F72A4FA57E00E45FA8 /* LandmarkList.swift */; };
		A80371FA2A4FA78200E45FA8 /* LandmarkDetail.swift in Sources */ = {isa = PBXBuildFile; fileRef = A80371F92A4FA78200E45FA8 /* LandmarkDetail.swift */; };
		A80371FC2A50FD4C00E45FA8 /* FavoriteButton.swift in Sources */ = {isa = PBXBuildFile; fileRef = A80371FB2A50FD4C00E45FA8 /* FavoriteButton.swift */; };
		A816B5D32A53A0C900BE17F3 /* BadgeSymbol.swift in Sources */ = {isa = PBXBuildFile; fileRef = A816B5D22A53A0C900BE17F3 /* BadgeSymbol.swift */; };
		A816B5D52A53A31300BE17F3 /* RotateBadgeSymbol.swift in Sources */ = {isa = PBXBuildFile; fileRef = A816B5D42A53A31300BE17F3 /* RotateBadgeSymbol.swift */; };
		A816B5D92A55358A00BE17F3 /* Badge.swift in Sources */ = {isa = PBXBuildFile; fileRef = A816B5D62A5533F700BE17F3 /* Badge.swift */; };
/* End PBXBuildFile section */

/* Begin PBXFileReference section */
		A8012DDC2A52759E0012122F /* HexagonParameters.swift */ = {isa = PBXFileReference; lastKnownFileType = sourcecode.swift; path = HexagonParameters.swift; sourceTree = "<group>"; };
		A8012DDE2A52772C0012122F /* BadgeBackground.swift */ = {isa = PBXFileReference; lastKnownFileType = sourcecode.swift; path = BadgeBackground.swift; sourceTree = "<group>"; };
		A80371D72A4ED45100E45FA8 /* Landmarks.app */ = {isa = PBXFileReference; explicitFileType = wrapper.application; includeInIndex = 0; path = Landmarks.app; sourceTree = BUILT_PRODUCTS_DIR; };
		A80371DA2A4ED45100E45FA8 /* LandmarksApp.swift */ = {isa = PBXFileReference; lastKnownFileType = sourcecode.swift; path = LandmarksApp.swift; sourceTree = "<group>"; };
		A80371DC2A4ED45100E45FA8 /* ContentView.swift */ = {isa = PBXFileReference; lastKnownFileType = sourcecode.swift; path = ContentView.swift; sourceTree = "<group>"; };
		A80371DE2A4ED45300E45FA8 /* Assets.xcassets */ = {isa = PBXFileReference; lastKnownFileType = folder.assetcatalog; path = Assets.xcassets; sourceTree = "<group>"; };
		A80371E12A4ED45300E45FA8 /* Preview Assets.xcassets */ = {isa = PBXFileReference; lastKnownFileType = folder.assetcatalog; path = "Preview Assets.xcassets"; sourceTree = "<group>"; };
		A80371E82A4EDD1100E45FA8 /* CircleImage.swift */ = {isa = PBXFileReference; lastKnownFileType = sourcecode.swift; path = CircleImage.swift; sourceTree = "<group>"; };
		A80371EA2A4EDEDB00E45FA8 /* MapView.swift */ = {isa = PBXFileReference; lastKnownFileType = sourcecode.swift; path = MapView.swift; sourceTree = "<group>"; };
		A80371EC2A4F9AFF00E45FA8 /* landmarkData.json */ = {isa = PBXFileReference; fileEncoding = 4; lastKnownFileType = text.json; path = landmarkData.json; sourceTree = "<group>"; };
		A80371EE2A4F9B2F00E45FA8 /* Landmark.swift */ = {isa = PBXFileReference; lastKnownFileType = sourcecode.swift; path = Landmark.swift; sourceTree = "<group>"; };
		A80371F32A4F9DAE00E45FA8 /* ModelData.swift */ = {isa = PBXFileReference; lastKnownFileType = sourcecode.swift; path = ModelData.swift; sourceTree = "<group>"; };
		A80371F52A4FA2C200E45FA8 /* LandmarkRow.swift */ = {isa = PBXFileReference; lastKnownFileType = sourcecode.swift; path = LandmarkRow.swift; sourceTree = "<group>"; };
		A80371F72A4FA57E00E45FA8 /* LandmarkList.swift */ = {isa = PBXFileReference; lastKnownFileType = sourcecode.swift; path = LandmarkList.swift; sourceTree = "<group>"; };
		A80371F92A4FA78200E45FA8 /* LandmarkDetail.swift */ = {isa = PBXFileReference; lastKnownFileType = sourcecode.swift; path = LandmarkDetail.swift; sourceTree = "<group>"; };
		A80371FB2A50FD4C00E45FA8 /* FavoriteButton.swift */ = {isa = PBXFileReference; lastKnownFileType = sourcecode.swift; path = FavoriteButton.swift; sourceTree = "<group>"; };
		A816B5D22A53A0C900BE17F3 /* BadgeSymbol.swift */ = {isa = PBXFileReference; lastKnownFileType = sourcecode.swift; path = BadgeSymbol.swift; sourceTree = "<group>"; };
		A816B5D42A53A31300BE17F3 /* RotateBadgeSymbol.swift */ = {isa = PBXFileReference; lastKnownFileType = sourcecode.swift; path = RotateBadgeSymbol.swift; sourceTree = "<group>"; };
		A816B5D62A5533F700BE17F3 /* Badge.swift */ = {isa = PBXFileReference; lastKnownFileType = sourcecode.swift; path = Badge.swift; sourceTree = "<group>"; };
/* End PBXFileReference section */

/* Begin PBXFrameworksBuildPhase section */
		A80371D42A4ED45100E45FA8 /* Frameworks */ = {
			isa = PBXFrameworksBuildPhase;
			buildActionMask = 2147483647;
			files = (
			);
			runOnlyForDeploymentPostprocessing = 0;
		};
/* End PBXFrameworksBuildPhase section */

/* Begin PBXGroup section */
		A80371CE2A4ED45100E45FA8 = {
			isa = PBXGroup;
			children = (
				A80371D92A4ED45100E45FA8 /* Landmarks */,
				A80371D82A4ED45100E45FA8 /* Products */,
			);
			sourceTree = "<group>";
		};
		A80371D82A4ED45100E45FA8 /* Products */ = {
			isa = PBXGroup;
			children = (
				A80371D72A4ED45100E45FA8 /* Landmarks.app */,
			);
			name = Products;
			sourceTree = "<group>";
		};
		A80371D92A4ED45100E45FA8 /* Landmarks */ = {
			isa = PBXGroup;
			children = (
				A80371F22A4F9C9800E45FA8 /* Views */,
				A80371F02A4F9C3800E45FA8 /* Model */,
				A80371F12A4F9C4500E45FA8 /* Resources */,
				A80371DA2A4ED45100E45FA8 /* LandmarksApp.swift */,
				A80371DE2A4ED45300E45FA8 /* Assets.xcassets */,
				A80371E02A4ED45300E45FA8 /* Preview Content */,
			);
			path = Landmarks;
			sourceTree = "<group>";
		};
		A80371E02A4ED45300E45FA8 /* Preview Content */ = {
			isa = PBXGroup;
			children = (
				A80371E12A4ED45300E45FA8 /* Preview Assets.xcassets */,
			);
			path = "Preview Content";
			sourceTree = "<group>";
		};
		A80371F02A4F9C3800E45FA8 /* Model */ = {
			isa = PBXGroup;
			children = (
				A80371EE2A4F9B2F00E45FA8 /* Landmark.swift */,
				A80371F32A4F9DAE00E45FA8 /* ModelData.swift */,
			);
			path = Model;
			sourceTree = "<group>";
		};
		A80371F12A4F9C4500E45FA8 /* Resources */ = {
			isa = PBXGroup;
			children = (
				A80371EC2A4F9AFF00E45FA8 /* landmarkData.json */,
			);
			path = Resources;
			sourceTree = "<group>";
		};
		A80371F22A4F9C9800E45FA8 /* Views */ = {
			isa = PBXGroup;
			children = (
				A80371DC2A4ED45100E45FA8 /* ContentView.swift */,
				A80371FD2A50FE2600E45FA8 /* Landmarks */,
				A80371FE2A50FE2F00E45FA8 /* Helpers */,
				A816B5D82A55355700BE17F3 /* Badges */,
			);
			path = Views;
			sourceTree = "<group>";
		};
		A80371FD2A50FE2600E45FA8 /* Landmarks */ = {
			isa = PBXGroup;
			children = (
				A80371F52A4FA2C200E45FA8 /* LandmarkRow.swift */,
				A80371F72A4FA57E00E45FA8 /* LandmarkList.swift */,
				A80371F92A4FA78200E45FA8 /* LandmarkDetail.swift */,
			);
			path = Landmarks;
			sourceTree = "<group>";
		};
		A80371FE2A50FE2F00E45FA8 /* Helpers */ = {
			isa = PBXGroup;
			children = (
				A80371E82A4EDD1100E45FA8 /* CircleImage.swift */,
				A80371EA2A4EDEDB00E45FA8 /* MapView.swift */,
				A80371FB2A50FD4C00E45FA8 /* FavoriteButton.swift */,
			);
			path = Helpers;
			sourceTree = "<group>";
		};
		A816B5D82A55355700BE17F3 /* Badges */ = {
			isa = PBXGroup;
			children = (
				A816B5D62A5533F700BE17F3 /* Badge.swift */,
				A8012DDE2A52772C0012122F /* BadgeBackground.swift */,
				A816B5D22A53A0C900BE17F3 /* BadgeSymbol.swift */,
				A816B5D42A53A31300BE17F3 /* RotateBadgeSymbol.swift */,
				A8012DDC2A52759E0012122F /* HexagonParameters.swift */,
			);
			path = Badges;
			sourceTree = "<group>";
		};
/* End PBXGroup section */

/* Begin PBXNativeTarget section */
		A80371D62A4ED45100E45FA8 /* Landmarks */ = {
			isa = PBXNativeTarget;
			buildConfigurationList = A80371E52A4ED45300E45FA8 /* Build configuration list for PBXNativeTarget "Landmarks" */;
			buildPhases = (
				A80371D32A4ED45100E45FA8 /* Sources */,
				A80371D42A4ED45100E45FA8 /* Frameworks */,
				A80371D52A4ED45100E45FA8 /* Resources */,
			);
			buildRules = (
			);
			dependencies = (
			);
			name = Landmarks;
			productName = Landmarks;
			productReference = A80371D72A4ED45100E45FA8 /* Landmarks.app */;
			productType = "com.apple.product-type.application";
		};
/* End PBXNativeTarget section */

/* Begin PBXProject section */
		A80371CF2A4ED45100E45FA8 /* Project object */ = {
			isa = PBXProject;
			attributes = {
				BuildIndependentTargetsInParallel = 1;
				LastSwiftUpdateCheck = 1430;
				LastUpgradeCheck = 1430;
				TargetAttributes = {
					A80371D62A4ED45100E45FA8 = {
						CreatedOnToolsVersion = 14.3.1;
					};
				};
			};
			buildConfigurationList = A80371D22A4ED45100E45FA8 /* Build configuration list for PBXProject "Landmarks" */;
			compatibilityVersion = "Xcode 14.0";
			developmentRegion = en;
			hasScannedForEncodings = 0;
			knownRegions = (
				en,
				Base,
			);
			mainGroup = A80371CE2A4ED45100E45FA8;
			productRefGroup = A80371D82A4ED45100E45FA8 /* Products */;
			projectDirPath = "";
			projectRoot = "";
			targets = (
				A80371D62A4ED45100E45FA8 /* Landmarks */,
			);
		};
/* End PBXProject section */

/* Begin PBXResourcesBuildPhase section */
		A80371D52A4ED45100E45FA8 /* Resources */ = {
			isa = PBXResourcesBuildPhase;
			buildActionMask = 2147483647;
			files = (
				A80371E22A4ED45300E45FA8 /* Preview Assets.xcassets in Resources */,
				A80371DF2A4ED45300E45FA8 /* Assets.xcassets in Resources */,
				A80371ED2A4F9B0000E45FA8 /* landmarkData.json in Resources */,
			);
			runOnlyForDeploymentPostprocessing = 0;
		};
/* End PBXResourcesBuildPhase section */

/* Begin PBXSourcesBuildPhase section */
		A80371D32A4ED45100E45FA8 /* Sources */ = {
			isa = PBXSourcesBuildPhase;
			buildActionMask = 2147483647;
			files = (
				A80371DD2A4ED45100E45FA8 /* ContentView.swift in Sources */,
				A816B5D92A55358A00BE17F3 /* Badge.swift in Sources */,
				A80371EB2A4EDEDB00E45FA8 /* MapView.swift in Sources */,
				A816B5D52A53A31300BE17F3 /* RotateBadgeSymbol.swift in Sources */,
				A80371DB2A4ED45100E45FA8 /* LandmarksApp.swift in Sources */,
				A80371FC2A50FD4C00E45FA8 /* FavoriteButton.swift in Sources */,
				A8012DDD2A52759E0012122F /* HexagonParameters.swift in Sources */,
				A816B5D32A53A0C900BE17F3 /* BadgeSymbol.swift in Sources */,
				A80371F82A4FA57E00E45FA8 /* LandmarkList.swift in Sources */,
				A80371FA2A4FA78200E45FA8 /* LandmarkDetail.swift in Sources */,
				A8012DDF2A52772C0012122F /* BadgeBackground.swift in Sources */,
				A80371E92A4EDD1100E45FA8 /* CircleImage.swift in Sources */,
				A80371EF2A4F9B2F00E45FA8 /* Landmark.swift in Sources */,
				A80371F62A4FA2C200E45FA8 /* LandmarkRow.swift in Sources */,
				A80371F42A4F9DAE00E45FA8 /* ModelData.swift in Sources */,
			);
			runOnlyForDeploymentPostprocessing = 0;
		};
/* End PBXSourcesBuildPhase section */

/* Begin XCBuildConfiguration section */
		A80371E32A4ED45300E45FA8 /* Debug */ = {
			isa = XCBuildConfiguration;
			buildSettings = {
				ALWAYS_SEARCH_USER_PATHS = NO;
				CLANG_ANALYZER_NONNULL = YES;
				CLANG_ANALYZER_NUMBER_OBJECT_CONVERSION = YES_AGGRESSIVE;
				CLANG_CXX_LANGUAGE_STANDARD = "gnu++20";
				CLANG_ENABLE_MODULES = YES;
				CLANG_ENABLE_OBJC_ARC = YES;
				CLANG_ENABLE_OBJC_WEAK = YES;
				CLANG_WARN_BLOCK_CAPTURE_AUTORELEASING = YES;
				CLANG_WARN_BOOL_CONVERSION = YES;
				CLANG_WARN_COMMA = YES;
				CLANG_WARN_CONSTANT_CONVERSION = YES;
				CLANG_WARN_DEPRECATED_OBJC_IMPLEMENTATIONS = YES;
				CLANG_WARN_DIRECT_OBJC_ISA_USAGE = YES_ERROR;
				CLANG_WARN_DOCUMENTATION_COMMENTS = YES;
				CLANG_WARN_EMPTY_BODY = YES;
				CLANG_WARN_ENUM_CONVERSION = YES;
				CLANG_WARN_INFINITE_RECURSION = YES;
				CLANG_WARN_INT_CONVERSION = YES;
				CLANG_WARN_NON_LITERAL_NULL_CONVERSION = YES;
				CLANG_WARN_OBJC_IMPLICIT_RETAIN_SELF = YES;
				CLANG_WARN_OBJC_LITERAL_CONVERSION = YES;
				CLANG_WARN_OBJC_ROOT_CLASS = YES_ERROR;
				CLANG_WARN_QUOTED_INCLUDE_IN_FRAMEWORK_HEADER = YES;
				CLANG_WARN_RANGE_LOOP_ANALYSIS = YES;
				CLANG_WARN_STRICT_PROTOTYPES = YES;
				CLANG_WARN_SUSPICIOUS_MOVE = YES;
				CLANG_WARN_UNGUARDED_AVAILABILITY = YES_AGGRESSIVE;
				CLANG_WARN_UNREACHABLE_CODE = YES;
				CLANG_WARN__DUPLICATE_METHOD_MATCH = YES;
				COPY_PHASE_STRIP = NO;
				DEBUG_INFORMATION_FORMAT = dwarf;
				ENABLE_STRICT_OBJC_MSGSEND = YES;
				ENABLE_TESTABILITY = YES;
				GCC_C_LANGUAGE_STANDARD = gnu11;
				GCC_DYNAMIC_NO_PIC = NO;
				GCC_NO_COMMON_BLOCKS = YES;
				GCC_OPTIMIZATION_LEVEL = 0;
				GCC_PREPROCESSOR_DEFINITIONS = (
					"DEBUG=1",
					"$(inherited)",
				);
				GCC_WARN_64_TO_32_BIT_CONVERSION = YES;
				GCC_WARN_ABOUT_RETURN_TYPE = YES_ERROR;
				GCC_WARN_UNDECLARED_SELECTOR = YES;
				GCC_WARN_UNINITIALIZED_AUTOS = YES_AGGRESSIVE;
				GCC_WARN_UNUSED_FUNCTION = YES;
				GCC_WARN_UNUSED_VARIABLE = YES;
				IPHONEOS_DEPLOYMENT_TARGET = 16.4;
				MTL_ENABLE_DEBUG_INFO = INCLUDE_SOURCE;
				MTL_FAST_MATH = YES;
				ONLY_ACTIVE_ARCH = YES;
				SDKROOT = iphoneos;
				SWIFT_ACTIVE_COMPILATION_CONDITIONS = DEBUG;
				SWIFT_OPTIMIZATION_LEVEL = "-Onone";
			};
			name = Debug;
		};
		A80371E42A4ED45300E45FA8 /* Release */ = {
			isa = XCBuildConfiguration;
			buildSettings = {
				ALWAYS_SEARCH_USER_PATHS = NO;
				CLANG_ANALYZER_NONNULL = YES;
				CLANG_ANALYZER_NUMBER_OBJECT_CONVERSION = YES_AGGRESSIVE;
				CLANG_CXX_LANGUAGE_STANDARD = "gnu++20";
				CLANG_ENABLE_MODULES = YES;
				CLANG_ENABLE_OBJC_ARC = YES;
				CLANG_ENABLE_OBJC_WEAK = YES;
				CLANG_WARN_BLOCK_CAPTURE_AUTORELEASING = YES;
				CLANG_WARN_BOOL_CONVERSION = YES;
				CLANG_WARN_COMMA = YES;
				CLANG_WARN_CONSTANT_CONVERSION = YES;
				CLANG_WARN_DEPRECATED_OBJC_IMPLEMENTATIONS = YES;
				CLANG_WARN_DIRECT_OBJC_ISA_USAGE = YES_ERROR;
				CLANG_WARN_DOCUMENTATION_COMMENTS = YES;
				CLANG_WARN_EMPTY_BODY = YES;
				CLANG_WARN_ENUM_CONVERSION = YES;
				CLANG_WARN_INFINITE_RECURSION = YES;
				CLANG_WARN_INT_CONVERSION = YES;
				CLANG_WARN_NON_LITERAL_NULL_CONVERSION = YES;
				CLANG_WARN_OBJC_IMPLICIT_RETAIN_SELF = YES;
				CLANG_WARN_OBJC_LITERAL_CONVERSION = YES;
				CLANG_WARN_OBJC_ROOT_CLASS = YES_ERROR;
				CLANG_WARN_QUOTED_INCLUDE_IN_FRAMEWORK_HEADER = YES;
				CLANG_WARN_RANGE_LOOP_ANALYSIS = YES;
				CLANG_WARN_STRICT_PROTOTYPES = YES;
				CLANG_WARN_SUSPICIOUS_MOVE = YES;
				CLANG_WARN_UNGUARDED_AVAILABILITY = YES_AGGRESSIVE;
				CLANG_WARN_UNREACHABLE_CODE = YES;
				CLANG_WARN__DUPLICATE_METHOD_MATCH = YES;
				COPY_PHASE_STRIP = NO;
				DEBUG_INFORMATION_FORMAT = "dwarf-with-dsym";
				ENABLE_NS_ASSERTIONS = NO;
				ENABLE_STRICT_OBJC_MSGSEND = YES;
				GCC_C_LANGUAGE_STANDARD = gnu11;
				GCC_NO_COMMON_BLOCKS = YES;
				GCC_WARN_64_TO_32_BIT_CONVERSION = YES;
				GCC_WARN_ABOUT_RETURN_TYPE = YES_ERROR;
				GCC_WARN_UNDECLARED_SELECTOR = YES;
				GCC_WARN_UNINITIALIZED_AUTOS = YES_AGGRESSIVE;
				GCC_WARN_UNUSED_FUNCTION = YES;
				GCC_WARN_UNUSED_VARIABLE = YES;
				IPHONEOS_DEPLOYMENT_TARGET = 16.4;
				MTL_ENABLE_DEBUG_INFO = NO;
				MTL_FAST_MATH = YES;
				SDKROOT = iphoneos;
				SWIFT_COMPILATION_MODE = wholemodule;
				SWIFT_OPTIMIZATION_LEVEL = "-O";
				VALIDATE_PRODUCT = YES;
			};
			name = Release;
		};
		A80371E62A4ED45300E45FA8 /* Debug */ = {
			isa = XCBuildConfiguration;
			buildSettings = {
				ASSETCATALOG_COMPILER_APPICON_NAME = AppIcon;
				ASSETCATALOG_COMPILER_GLOBAL_ACCENT_COLOR_NAME = AccentColor;
				CODE_SIGN_STYLE = Automatic;
				CURRENT_PROJECT_VERSION = 1;
				DEVELOPMENT_ASSET_PATHS = "\"Landmarks/Preview Content\"";
				DEVELOPMENT_TEAM = MMM58CZBQF;
				ENABLE_PREVIEWS = YES;
				GENERATE_INFOPLIST_FILE = YES;
				INFOPLIST_KEY_UIApplicationSceneManifest_Generation = YES;
				INFOPLIST_KEY_UIApplicationSupportsIndirectInputEvents = YES;
				INFOPLIST_KEY_UILaunchScreen_Generation = YES;
				INFOPLIST_KEY_UISupportedInterfaceOrientations_iPad = "UIInterfaceOrientationPortrait UIInterfaceOrientationPortraitUpsideDown UIInterfaceOrientationLandscapeLeft UIInterfaceOrientationLandscapeRight";
				INFOPLIST_KEY_UISupportedInterfaceOrientations_iPhone = "UIInterfaceOrientationPortrait UIInterfaceOrientationLandscapeLeft UIInterfaceOrientationLandscapeRight";
				LD_RUNPATH_SEARCH_PATHS = (
					"$(inherited)",
					"@executable_path/Frameworks",
				);
				MARKETING_VERSION = 1.0;
				PRODUCT_BUNDLE_IDENTIFIER = com.yeonghyeon.Landmarks;
				PRODUCT_NAME = "$(TARGET_NAME)";
				SWIFT_EMIT_LOC_STRINGS = YES;
				SWIFT_VERSION = 5.0;
				TARGETED_DEVICE_FAMILY = "1,2";
			};
			name = Debug;
		};
		A80371E72A4ED45300E45FA8 /* Release */ = {
			isa = XCBuildConfiguration;
			buildSettings = {
				ASSETCATALOG_COMPILER_APPICON_NAME = AppIcon;
				ASSETCATALOG_COMPILER_GLOBAL_ACCENT_COLOR_NAME = AccentColor;
				CODE_SIGN_STYLE = Automatic;
				CURRENT_PROJECT_VERSION = 1;
				DEVELOPMENT_ASSET_PATHS = "\"Landmarks/Preview Content\"";
				DEVELOPMENT_TEAM = MMM58CZBQF;
				ENABLE_PREVIEWS = YES;
				GENERATE_INFOPLIST_FILE = YES;
				INFOPLIST_KEY_UIApplicationSceneManifest_Generation = YES;
				INFOPLIST_KEY_UIApplicationSupportsIndirectInputEvents = YES;
				INFOPLIST_KEY_UILaunchScreen_Generation = YES;
				INFOPLIST_KEY_UISupportedInterfaceOrientations_iPad = "UIInterfaceOrientationPortrait UIInterfaceOrientationPortraitUpsideDown UIInterfaceOrientationLandscapeLeft UIInterfaceOrientationLandscapeRight";
				INFOPLIST_KEY_UISupportedInterfaceOrientations_iPhone = "UIInterfaceOrientationPortrait UIInterfaceOrientationLandscapeLeft UIInterfaceOrientationLandscapeRight";
				LD_RUNPATH_SEARCH_PATHS = (
					"$(inherited)",
					"@executable_path/Frameworks",
				);
				MARKETING_VERSION = 1.0;
				PRODUCT_BUNDLE_IDENTIFIER = com.yeonghyeon.Landmarks;
				PRODUCT_NAME = "$(TARGET_NAME)";
				SWIFT_EMIT_LOC_STRINGS = YES;
				SWIFT_VERSION = 5.0;
				TARGETED_DEVICE_FAMILY = "1,2";
			};
			name = Release;
		};
/* End XCBuildConfiguration section */

/* Begin XCConfigurationList section */
		A80371D22A4ED45100E45FA8 /* Build configuration list for PBXProject "Landmarks" */ = {
			isa = XCConfigurationList;
			buildConfigurations = (
				A80371E32A4ED45300E45FA8 /* Debug */,
				A80371E42A4ED45300E45FA8 /* Release */,
			);
			defaultConfigurationIsVisible = 0;
			defaultConfigurationName = Release;
		};
		A80371E52A4ED45300E45FA8 /* Build configuration list for PBXNativeTarget "Landmarks" */ = {
			isa = XCConfigurationList;
			buildConfigurations = (
				A80371E62A4ED45300E45FA8 /* Debug */,
				A80371E72A4ED45300E45FA8 /* Release */,
			);
			defaultConfigurationIsVisible = 0;
			defaultConfigurationName = Release;
		};
/* End XCConfigurationList section */
	};
	rootObject = A80371CF2A4ED45100E45FA8 /* Project object */;
}
